{
  "originHash" : "59fb6613b1f84459261e42fec347ed08c14991118bfe9f9560799e44b93c8bd6",
  "pins" : [
    {
      "identity" : "mini-alloc",
      "kind" : "remoteSourceControl",
      "location" : "https://github.com/RussBaz/mini-alloc",
      "state" : {
        "revision" : "fda16b0f7527320942496bc1a49dd4d6de7cd0de",
        "version" : "1.0.2"
      }
    },
    {
      "identity" : "swift-collections",
      "kind" : "remoteSourceControl",
      "location" : "https://github.com/apple/swift-collections.git",
      "state" : {
        "revision" : "671108c96644956dddcd89dd59c203dcdb36cec7",
        "version" : "1.1.4"
      }
    }
  ],
  "version" : 3
}
